
Microsoft Visual Studio Solution File, Format Version 12.00
# Visual Studio Version 17
VisualStudioVersion = 17.12.35527.113 d17.12
MinimumVisualStudioVersion = 10.0.40219.1
Project("{FAE04EC0-301F-11D3-BF4B-00C04F79EFBC}") = "paladin", "paladin\paladin.csproj", "{412BCF79-6F39-4277-A3D1-FB605C3DCE9A}"
EndProject
Global
	GlobalSection(SolutionConfigurationPlatforms) = preSolution
		Debug|Any CPU = Debug|Any CPU
		Release|Any CPU = Release|Any CPU
	EndGlobalSection
	GlobalSection(ProjectConfigurationPlatforms) = postSolution
		{412BCF79-6F39-4277-A3D1-FB605C3DCE9A}.Debug|Any CPU.ActiveCfg = Debug|Any CPU
		{412BCF79-6F39-4277-A3D1-FB605C3DCE9A}.Debug|Any CPU.Build.0 = Debug|Any CPU
		{412BCF79-6F39-4277-A3D1-FB605C3DCE9A}.Release|Any CPU.ActiveCfg = Release|Any CPU
		{412BCF79-6F39-4277-A3D1-FB605C3DCE9A}.Release|Any CPU.Build.0 = Release|Any CPU
	EndGlobalSection
	GlobalSection(SolutionProperties) = preSolution
		HideSolutionNode = FALSE
	EndGlobalSection
EndGlobal
